lockfileVersion: 5.4

specifiers:
  vitest: ^0.24.3

dependencies:
  vitest: 0.24.3

packages:

  /@esbuild/android-arm/0.15.11:
    resolution: {integrity: sha512-PzMcQLazLBkwDEkrNPi9AbjFt6+3I7HKbiYF2XtWQ7wItrHvEOeO3T8Am434zAozWtVP7lrTue1bEfc2nYWeCA==}
    engines: {node: '>=12'}
    cpu: [arm]
    os: [android]
    requiresBuild: true
    dev: false
    optional: true

  /@esbuild/linux-loong64/0.15.11:
    resolution: {integrity: sha512-geWp637tUhNmhL3Xgy4Bj703yXB9dqiLJe05lCUfjSFDrQf9C/8pArusyPUbUbPwlC/EAUjBw32sxuIl/11dZw==}
    engines: {node: '>=12'}
    cpu: [loong64]
    os: [linux]
    requiresBuild: true
    dev: false
    optional: true

  /@types/chai-subset/1.3.3:
    resolution: {integrity: sha512-frBecisrNGz+F4T6bcc+NLeolfiojh5FxW2klu669+8BARtyQv2C/GkNW6FUodVe4BroGMP/wER/YDGc7rEllw==}
    dependencies:
      '@types/chai': 4.3.3
    dev: false

  /@types/chai/4.3.3:
    resolution: {integrity: sha512-hC7OMnszpxhZPduX+m+nrx+uFoLkWOMiR4oa/AZF3MuSETYTZmFfJAHqZEM8MVlvfG7BEUcgvtwoCTxBp6hm3g==}
    dev: false

  /@types/node/18.11.2:
    resolution: {integrity: sha512-BWN3M23gLO2jVG8g/XHIRFWiiV4/GckeFIqbU/C4V3xpoBBWSMk4OZomouN0wCkfQFPqgZikyLr7DOYDysIkkw==}
    dev: false

  /acorn/8.8.0:
    resolution: {integrity: sha512-QOxyigPVrpZ2GXT+PFyZTl6TtOFc5egxHIP9IlQ+RbupQuX4RkT/Bee4/kQuC02Xkzg84JcT7oLYtDIQxp+v7w==}
    engines: {node: '>=0.4.0'}
    hasBin: true
    dev: false

  /assertion-error/1.1.0:
    resolution: {integrity: sha512-jgsaNduz+ndvGyFt3uSuWqvy4lCnIJiovtouQN5JZHOKCS2QuhEdbcQHFhVksz2N2U9hXJo8odG7ETyWlEeuDw==}
    dev: false

  /chai/4.3.6:
    resolution: {integrity: sha512-bbcp3YfHCUzMOvKqsztczerVgBKSsEijCySNlHHbX3VG1nskvqjz5Rfso1gGwD6w6oOV3eI60pKuMOV5MV7p3Q==}
    engines: {node: '>=4'}
    dependencies:
      assertion-error: 1.1.0
      check-error: 1.0.2
      deep-eql: 3.0.1
      get-func-name: 2.0.0
      loupe: 2.3.4
      pathval: 1.1.1
      type-detect: 4.0.8
    dev: false

  /check-error/1.0.2:
    resolution: {integrity: sha512-BrgHpW9NURQgzoNyjfq0Wu6VFO6D7IZEmJNdtgNqpzGG8RuNFHt2jQxWlAs4HMe119chBnv+34syEZtc6IhLtA==}
    dev: false

  /debug/4.3.4:
    resolution: {integrity: sha512-PRWFHuSU3eDtQJPvnNY7Jcket1j0t5OuOsFzPPzsekD52Zl8qUfFIPEiswXqIvHWGVHOgX+7G/vCNNhehwxfkQ==}
    engines: {node: '>=6.0'}
    peerDependencies:
      supports-color: '*'
    peerDependenciesMeta:
      supports-color:
        optional: true
    dependencies:
      ms: 2.1.2
    dev: false

  /deep-eql/3.0.1:
    resolution: {integrity: sha512-+QeIQyN5ZuO+3Uk5DYh6/1eKO0m0YmJFGNmFHGACpf1ClL1nmlV/p4gNgbl2pJGxgXb4faqo6UE+M5ACEMyVcw==}
    engines: {node: '>=0.12'}
    dependencies:
      type-detect: 4.0.8
    dev: false

  /esbuild-android-64/0.15.11:
    resolution: {integrity: sha512-rrwoXEiuI1kaw4k475NJpexs8GfJqQUKcD08VR8sKHmuW9RUuTR2VxcupVvHdiGh9ihxL9m3lpqB1kju92Ialw==}
    engines: {node: '>=12'}
    cpu: [x64]
    os: [android]
    requiresBuild: true
    dev: false
    optional: true

  /esbuild-android-arm64/0.15.11:
    resolution: {integrity: sha512-/hDubOg7BHOhUUsT8KUIU7GfZm5bihqssvqK5PfO4apag7YuObZRZSzViyEKcFn2tPeHx7RKbSBXvAopSHDZJQ==}
    engines: {node: '>=12'}
    cpu: [arm64]
    os: [android]
    requiresBuild: true
    dev: false
    optional: true

  /esbuild-darwin-64/0.15.11:
    resolution: {integrity: sha512-1DqHD0ms3AhiwkKnjRUzmiW7JnaJJr5FKrPiR7xuyMwnjDqvNWDdMq4rKSD9OC0piFNK6n0LghsglNMe2MwJtA==}
    engines: {node: '>=12'}
    cpu: [x64]
    os: [darwin]
    requiresBuild: true
    dev: false
    optional: true

  /esbuild-darwin-arm64/0.15.11:
    resolution: {integrity: sha512-OMzhxSbS0lwwrW40HHjRCeVIJTURdXFA8c3GU30MlHKuPCcvWNUIKVucVBtNpJySXmbkQMDJdJNrXzNDyvoqvQ==}
    engines: {node: '>=12'}
    cpu: [arm64]
    os: [darwin]
    requiresBuild: true
    dev: false
    optional: true

  /esbuild-freebsd-64/0.15.11:
    resolution: {integrity: sha512-8dKP26r0/Qyez8nTCwpq60QbuYKOeBygdgOAWGCRalunyeqWRoSZj9TQjPDnTTI9joxd3QYw3UhVZTKxO9QdRg==}
    engines: {node: '>=12'}
    cpu: [x64]
    os: [freebsd]
    requiresBuild: true
    dev: false
    optional: true

  /esbuild-freebsd-arm64/0.15.11:
    resolution: {integrity: sha512-aSGiODiukLGGnSg/O9+cGO2QxEacrdCtCawehkWYTt5VX1ni2b9KoxpHCT9h9Y6wGqNHmXFnB47RRJ8BIqZgmQ==}
    engines: {node: '>=12'}
    cpu: [arm64]
    os: [freebsd]
    requiresBuild: true
    dev: false
    optional: true

  /esbuild-linux-32/0.15.11:
    resolution: {integrity: sha512-lsrAfdyJBGx+6aHIQmgqUonEzKYeBnyfJPkT6N2dOf1RoXYYV1BkWB6G02tjsrz1d5wZzaTc3cF+TKmuTo/ZwA==}
    engines: {node: '>=12'}
    cpu: [ia32]
    os: [linux]
    requiresBuild: true
    dev: false
    optional: true

  /esbuild-linux-64/0.15.11:
    resolution: {integrity: sha512-Y2Rh+PcyVhQqXKBTacPCltINN3uIw2xC+dsvLANJ1SpK5NJUtxv8+rqWpjmBgaNWKQT1/uGpMmA9olALy9PLVA==}
    engines: {node: '>=12'}
    cpu: [x64]
    os: [linux]
    requiresBuild: true
    dev: false
    optional: true

  /esbuild-linux-arm/0.15.11:
    resolution: {integrity: sha512-TJllTVk5aSyqPFvvcHTvf6Wu1ZKhWpJ/qNmZO8LL/XeB+LXCclm7HQHNEIz6MT7IX8PmlC1BZYrOiw2sXSB95A==}
    engines: {node: '>=12'}
    cpu: [arm]
    os: [linux]
    requiresBuild: true
    dev: false
    optional: true

  /esbuild-linux-arm64/0.15.11:
    resolution: {integrity: sha512-uhcXiTwTmD4OpxJu3xC5TzAAw6Wzf9O1XGWL448EE9bqGjgV1j+oK3lIHAfsHnuIn8K4nDW8yjX0Sv5S++oRuw==}
    engines: {node: '>=12'}
    cpu: [arm64]
    os: [linux]
    requiresBuild: true
    dev: false
    optional: true

  /esbuild-linux-mips64le/0.15.11:
    resolution: {integrity: sha512-WD61y/R1M4BLe4gxXRypoQ0Ci+Vjf714QYzcPNkiYv5I8K8WDz2ZR8Bm6cqKxd6rD+e/rZgPDbhQ9PCf7TMHmA==}
    engines: {node: '>=12'}
    cpu: [mips64el]
    os: [linux]
    requiresBuild: true
    dev: false
    optional: true

  /esbuild-linux-ppc64le/0.15.11:
    resolution: {integrity: sha512-JVleZS9oPVLTlBhPTWgOwxFWU/wMUdlBwTbGA4GF8c38sLbS13cupj+C8bLq929jU7EMWry4SaL+tKGIaTlqKg==}
    engines: {node: '>=12'}
    cpu: [ppc64]
    os: [linux]
    requiresBuild: true
    dev: false
    optional: true

  /esbuild-linux-riscv64/0.15.11:
    resolution: {integrity: sha512-9aLIalZ2HFHIOZpmVU11sEAS9F8TnHw49daEjcgMpBXHFF57VuT9f9/9LKJhw781Gda0P9jDkuCWJ0tFbErvJw==}
    engines: {node: '>=12'}
    cpu: [riscv64]
    os: [linux]
    requiresBuild: true
    dev: false
    optional: true

  /esbuild-linux-s390x/0.15.11:
    resolution: {integrity: sha512-sZHtiXXOKsLI3XGBGoYO4qKBzJlb8xNsWmvFiwFMHFzA4AXgDP1KDp7Dawe9C2pavTRBDvl+Ok4n/DHQ59oaTg==}
    engines: {node: '>=12'}
    cpu: [s390x]
    os: [linux]
    requiresBuild: true
    dev: false
    optional: true

  /esbuild-netbsd-64/0.15.11:
    resolution: {integrity: sha512-hUC9yN06K9sg7ju4Vgu9ChAPdsEgtcrcLfyNT5IKwKyfpLvKUwCMZSdF+gRD3WpyZelgTQfJ+pDx5XFbXTlB0A==}
    engines: {node: '>=12'}
    cpu: [x64]
    os: [netbsd]
    requiresBuild: true
    dev: false
    optional: true

  /esbuild-openbsd-64/0.15.11:
    resolution: {integrity: sha512-0bBo9SQR4t66Wd91LGMAqmWorzO0TTzVjYiifwoFtel8luFeXuPThQnEm5ztN4g0fnvcp7AnUPPzS/Depf17wQ==}
    engines: {node: '>=12'}
    cpu: [x64]
    os: [openbsd]
    requiresBuild: true
    dev: false
    optional: true

  /esbuild-sunos-64/0.15.11:
    resolution: {integrity: sha512-EuBdTGlsMTjEl1sQnBX2jfygy7iR6CKfvOzi+gEOfhDqbHXsmY1dcpbVtcwHAg9/2yUZSfMJHMAgf1z8M4yyyw==}
    engines: {node: '>=12'}
    cpu: [x64]
    os: [sunos]
    requiresBuild: true
    dev: false
    optional: true

  /esbuild-windows-32/0.15.11:
    resolution: {integrity: sha512-O0/Wo1Wk6dc0rZSxkvGpmTNIycEznHmkObTFz2VHBhjPsO4ZpCgfGxNkCpz4AdAIeMczpTXt/8d5vdJNKEGC+Q==}
    engines: {node: '>=12'}
    cpu: [ia32]
    os: [win32]
    requiresBuild: true
    dev: false
    optional: true

  /esbuild-windows-64/0.15.11:
    resolution: {integrity: sha512-x977Q4HhNjnHx00b4XLAnTtj5vfbdEvkxaQwC1Zh5AN8g5EX+izgZ6e5QgqJgpzyRNJqh4hkgIJF1pyy1be0mQ==}
    engines: {node: '>=12'}
    cpu: [x64]
    os: [win32]
    requiresBuild: true
    dev: false
    optional: true

  /esbuild-windows-arm64/0.15.11:
    resolution: {integrity: sha512-VwUHFACuBahrvntdcMKZteUZ9HaYrBRODoKe4tIWxguQRvvYoYb7iu5LrcRS/FQx8KPZNaa72zuqwVtHeXsITw==}
    engines: {node: '>=12'}
    cpu: [arm64]
    os: [win32]
    requiresBuild: true
    dev: false
    optional: true

  /esbuild/0.15.11:
    resolution: {integrity: sha512-OgHGuhlfZ//mToxjte1D5iiiQgWfJ2GByVMwEC/IuoXsBGkuyK1+KrjYu0laSpnN/L1UmLUCv0s25vObdc1bVg==}
    engines: {node: '>=12'}
    hasBin: true
    requiresBuild: true
    optionalDependencies:
      '@esbuild/android-arm': 0.15.11
      '@esbuild/linux-loong64': 0.15.11
      esbuild-android-64: 0.15.11
      esbuild-android-arm64: 0.15.11
      esbuild-darwin-64: 0.15.11
      esbuild-darwin-arm64: 0.15.11
      esbuild-freebsd-64: 0.15.11
      esbuild-freebsd-arm64: 0.15.11
      esbuild-linux-32: 0.15.11
      esbuild-linux-64: 0.15.11
      esbuild-linux-arm: 0.15.11
      esbuild-linux-arm64: 0.15.11
      esbuild-linux-mips64le: 0.15.11
      esbuild-linux-ppc64le: 0.15.11
      esbuild-linux-riscv64: 0.15.11
      esbuild-linux-s390x: 0.15.11
      esbuild-netbsd-64: 0.15.11
      esbuild-openbsd-64: 0.15.11
      esbuild-sunos-64: 0.15.11
      esbuild-windows-32: 0.15.11
      esbuild-windows-64: 0.15.11
      esbuild-windows-arm64: 0.15.11
    dev: false

  /fsevents/2.3.2:
    resolution: {integrity: sha512-xiqMQR4xAeHTuB9uWm+fFRcIOgKBMiOBP+eXiyT7jsgVCq1bkVygt00oASowB7EdtpOHaaPgKt812P9ab+DDKA==}
    engines: {node: ^8.16.0 || ^10.6.0 || >=11.0.0}
    os: [darwin]
    requiresBuild: true
    dev: false
    optional: true

  /function-bind/1.1.1:
    resolution: {integrity: sha512-yIovAzMX49sF8Yl58fSCWJ5svSLuaibPxXQJFLmBObTuCr0Mf1KiPopGM9NiFjiYBCbfaa2Fh6breQ6ANVTI0A==}
    dev: false

  /get-func-name/2.0.0:
    resolution: {integrity: sha512-Hm0ixYtaSZ/V7C8FJrtZIuBBI+iSgL+1Aq82zSu8VQNB4S3Gk8e7Qs3VwBDJAhmRZcFqkl3tQu36g/Foh5I5ig==}
    dev: false

  /has/1.0.3:
    resolution: {integrity: sha512-f2dvO0VU6Oej7RkWJGrehjbzMAjFp5/VKPp5tTpWIV4JHHZK1/BxbFRtf/siA2SWTe09caDmVtYYzWEIbBS4zw==}
    engines: {node: '>= 0.4.0'}
    dependencies:
      function-bind: 1.1.1
    dev: false

  /is-core-module/2.11.0:
    resolution: {integrity: sha512-RRjxlvLDkD1YJwDbroBHMb+cukurkDWNyHx7D3oNB5x9rb5ogcksMC5wHCadcXoo67gVr/+3GFySh3134zi6rw==}
    dependencies:
      has: 1.0.3
    dev: false

  /local-pkg/0.4.2:
    resolution: {integrity: sha512-mlERgSPrbxU3BP4qBqAvvwlgW4MTg78iwJdGGnv7kibKjWcJksrG3t6LB5lXI93wXRDvG4NpUgJFmTG4T6rdrg==}
    engines: {node: '>=14'}
    dev: false

  /loupe/2.3.4:
    resolution: {integrity: sha512-OvKfgCC2Ndby6aSTREl5aCCPTNIzlDfQZvZxNUrBrihDhL3xcrYegTblhmEiCrg2kKQz4XsFIaemE5BF4ybSaQ==}
    dependencies:
      get-func-name: 2.0.0
    dev: false

  /ms/2.1.2:
    resolution: {integrity: sha512-sGkPx+VjMtmA6MX27oA4FBFELFCZZ4S4XqeGOXCv68tT+jb3vk/RyaKWP0PTKyWtmLSM0b+adUTEvbs1PEaH2w==}
    dev: false

  /nanoid/3.3.4:
    resolution: {integrity: sha512-MqBkQh/OHTS2egovRtLk45wEyNXwF+cokD+1YPf9u5VfJiRdAiRwB2froX5Co9Rh20xs4siNPm8naNotSD6RBw==}
    engines: {node: ^10 || ^12 || ^13.7 || ^14 || >=15.0.1}
    hasBin: true
    dev: false

  /path-parse/1.0.7:
    resolution: {integrity: sha512-LDJzPVEEEPR+y48z93A0Ed0yXb8pAByGWo/k5YYdYgpY2/2EsOsksJrq7lOHxryrVOn1ejG6oAp8ahvOIQD8sw==}
    dev: false

  /pathval/1.1.1:
    resolution: {integrity: sha512-Dp6zGqpTdETdR63lehJYPeIOqpiNBNtc7BpWSLrOje7UaIsE5aY92r/AunQA7rsXvet3lrJ3JnZX29UPTKXyKQ==}
    dev: false

  /picocolors/1.0.0:
    resolution: {integrity: sha512-1fygroTLlHu66zi26VoTDv8yRgm0Fccecssto+MhsZ0D/DGW2sm8E8AjW7NU5VVTRt5GxbeZ5qBuJr+HyLYkjQ==}
    dev: false

  /postcss/8.4.18:
    resolution: {integrity: sha512-Wi8mWhncLJm11GATDaQKobXSNEYGUHeQLiQqDFG1qQ5UTDPTEvKw0Xt5NsTpktGTwLps3ByrWsBrG0rB8YQ9oA==}
    engines: {node: ^10 || ^12 || >=14}
    dependencies:
      nanoid: 3.3.4
      picocolors: 1.0.0
      source-map-js: 1.0.2
    dev: false

  /resolve/1.22.1:
    resolution: {integrity: sha512-nBpuuYuY5jFsli/JIs1oldw6fOQCBioohqWZg/2hiaOybXOft4lonv85uDOKXdf8rhyK159cxU5cDcK/NKk8zw==}
    hasBin: true
    dependencies:
      is-core-module: 2.11.0
      path-parse: 1.0.7
      supports-preserve-symlinks-flag: 1.0.0
    dev: false

  /rollup/2.78.1:
    resolution: {integrity: sha512-VeeCgtGi4P+o9hIg+xz4qQpRl6R401LWEXBmxYKOV4zlF82lyhgh2hTZnheFUbANE8l2A41F458iwj2vEYaXJg==}
    engines: {node: '>=10.0.0'}
    hasBin: true
    optionalDependencies:
      fsevents: 2.3.2
    dev: false

  /source-map-js/1.0.2:
    resolution: {integrity: sha512-R0XvVJ9WusLiqTCEiGCmICCMplcCkIwwR11mOSD9CR5u+IXYdiseeEuXCVAjS54zqwkLcPNnmU4OeJ6tUrWhDw==}
    engines: {node: '>=0.10.0'}
    dev: false

  /strip-literal/0.4.2:
    resolution: {integrity: sha512-pv48ybn4iE1O9RLgCAN0iU4Xv7RlBTiit6DKmMiErbs9x1wH6vXBs45tWc0H5wUIF6TLTrKweqkmYF/iraQKNw==}
    dependencies:
      acorn: 8.8.0
    dev: false

  /supports-preserve-symlinks-flag/1.0.0:
    resolution: {integrity: sha512-ot0WnXS9fgdkgIcePe6RHNk1WA8+muPa6cSjeR3V8K27q9BB1rTE3R1p7Hv0z1ZyAc8s6Vvv8DIyWf681MAt0w==}
    engines: {node: '>= 0.4'}
    dev: false

  /tinybench/2.3.1:
    resolution: {integrity: sha512-hGYWYBMPr7p4g5IarQE7XhlyWveh1EKhy4wUBS1LrHXCKYgvz+4/jCqgmJqZxxldesn05vccrtME2RLLZNW7iA==}
    dev: false

  /tinypool/0.3.0:
    resolution: {integrity: sha512-NX5KeqHOBZU6Bc0xj9Vr5Szbb1j8tUHIeD18s41aDJaPeC5QTdEhK0SpdpUrZlj2nv5cctNcSjaKNanXlfcVEQ==}
    engines: {node: '>=14.0.0'}
    dev: false

  /tinyspy/1.0.2:
    resolution: {integrity: sha512-bSGlgwLBYf7PnUsQ6WOc6SJ3pGOcd+d8AA6EUnLDDM0kWEstC1JIlSZA3UNliDXhd9ABoS7hiRBDCu+XP/sf1Q==}
    engines: {node: '>=14.0.0'}
    dev: false

  /type-detect/4.0.8:
    resolution: {integrity: sha512-0fr/mIH1dlO+x7TlcMy+bIDqKPsw/70tVyeHW787goQjhmqaZe10uwLujubK9q9Lg6Fiho1KUKDYz0Z7k7g5/g==}
    engines: {node: '>=4'}
    dev: false

  /vite/3.1.8:
    resolution: {integrity: sha512-m7jJe3nufUbuOfotkntGFupinL/fmuTNuQmiVE7cH2IZMuf4UbfbGYMUT3jVWgGYuRVLY9j8NnrRqgw5rr5QTg==}
    engines: {node: ^14.18.0 || >=16.0.0}
    hasBin: true
    peerDependencies:
      less: '*'
      sass: '*'
      stylus: '*'
      terser: ^5.4.0
    peerDependenciesMeta:
      less:
        optional: true
      sass:
        optional: true
      stylus:
        optional: true
      terser:
        optional: true
    dependencies:
      esbuild: 0.15.11
      postcss: 8.4.18
      resolve: 1.22.1
      rollup: 2.78.1
    optionalDependencies:
      fsevents: 2.3.2
    dev: false

  /vitest/0.24.3:
    resolution: {integrity: sha512-aM0auuPPgMSstWvr851hB74g/LKaKBzSxcG3da7ejfZbx08Y21JpZmbmDYrMTCGhVZKqTGwzcnLMwyfz2WzkhQ==}
    engines: {node: '>=v14.16.0'}
    hasBin: true
    peerDependencies:
      '@edge-runtime/vm': '*'
      '@vitest/browser': '*'
      '@vitest/ui': '*'
      happy-dom: '*'
      jsdom: '*'
    peerDependenciesMeta:
      '@edge-runtime/vm':
        optional: true
      '@vitest/browser':
        optional: true
      '@vitest/ui':
        optional: true
      happy-dom:
        optional: true
      jsdom:
        optional: true
    dependencies:
      '@types/chai': 4.3.3
      '@types/chai-subset': 1.3.3
      '@types/node': 18.11.2
      chai: 4.3.6
      debug: 4.3.4
      local-pkg: 0.4.2
      strip-literal: 0.4.2
      tinybench: 2.3.1
      tinypool: 0.3.0
      tinyspy: 1.0.2
      vite: 3.1.8
    transitivePeerDependencies:
      - less
      - sass
      - stylus
      - supports-color
      - terser
    dev: false
